
Microsoft Visual Studio Solution File, Format Version 12.00
# Visual Studio Version 16
VisualStudioVersion = 16.0.32510.428
MinimumVisualStudioVersion = 10.0.40219.1
Project("{FAE04EC0-301F-11D3-BF4B-00C04F79EFBC}") = "Test_Get_TWStockList", "Test_Get_TWStockList.csproj", "{F41EFF24-51F6-49D2-B7CC-8777A002CCB5}"
EndProject
Global
	GlobalSection(SolutionConfigurationPlatforms) = preSolution
		Debug|Any CPU = Debug|Any CPU
		Release|Any CPU = Release|Any CPU
	EndGlobalSection
	GlobalSection(ProjectConfigurationPlatforms) = postSolution
		{F41EFF24-51F6-49D2-B7CC-8777A002CCB5}.Debug|Any CPU.ActiveCfg = Debug|Any CPU
		{F41EFF24-51F6-49D2-B7CC-8777A002CCB5}.Debug|Any CPU.Build.0 = Debug|Any CPU
		{F41EFF24-51F6-49D2-B7CC-8777A002CCB5}.Release|Any CPU.ActiveCfg = Release|Any CPU
		{F41EFF24-51F6-49D2-B7CC-8777A002CCB5}.Release|Any CPU.Build.0 = Release|Any CPU
	EndGlobalSection
	GlobalSection(SolutionProperties) = preSolution
		HideSolutionNode = FALSE
	EndGlobalSection
	GlobalSection(ExtensibilityGlobals) = postSolution
		SolutionGuid = {214166F1-B4E8-47F5-A7B8-099AFC38CBB1}
	EndGlobalSection
EndGlobal
